# Generated by buf. DO NOT EDIT.
version: v2
deps:
  - name: buf.build/bufbuild/pluginrpc
    commit: 67986767b04f47cb965810ff94ca1bf2
    digest: b5:b1b9ab7f8c31c215694d4f11e9e96263581948e3c06dca00aade3e020333ebf99ef8b21734063c0a5cca70373b75f884eead26a9c1d0c00868869514ac80cccd
  - name: buf.build/bufbuild/protovalidate
    commit: a6c49f84cc0f4e038680d390392e2ab0
    digest: b5:e968392e88ff7915adcbd1635d670b45bff8836ec2415d81fc559ca5470a695dbdc30030bad8bc5764647c731079e9e7bba0023ea25c4e4a1672a7d2561d4a19
